# THIS IS AN AUTOGENERATED FILE. DO NOT EDIT THIS FILE DIRECTLY.
# yarn lockfile v1


ansi-escapes@^1.1.0:
  version "1.4.0"
  resolved "https://registry.yarnpkg.com/ansi-escapes/-/ansi-escapes-1.4.0.tgz#d3a8a83b319aa67793662b13e761c7911422306e"

ansi-regex@^2.0.0:
  version "2.1.1"
  resolved "https://registry.yarnpkg.com/ansi-regex/-/ansi-regex-2.1.1.tgz#c3b33ab5ee360d86e0e628f0468ae7ef27d654df"

ansi-styles@^2.2.1:
  version "2.2.1"
  resolved "https://registry.yarnpkg.com/ansi-styles/-/ansi-styles-2.2.1.tgz#b432dd3358b634cf75e1e4664368240533c1ddbe"

ansi-styles@^3.1.0:
  version "3.2.0"
  resolved "https://registry.yarnpkg.com/ansi-styles/-/ansi-styles-3.2.0.tgz#c159b8d5be0f9e5a6f346dab94f16ce022161b88"
  dependencies:
    color-convert "^1.9.0"

ansi@^0.3.0, ansi@~0.3.1:
  version "0.3.1"
  resolved "https://registry.yarnpkg.com/ansi/-/ansi-0.3.1.tgz#0c42d4fb17160d5a9af1e484bace1c66922c1b21"

app-module-path@^1.1.0:
  version "1.1.0"
  resolved "https://registry.yarnpkg.com/app-module-path/-/app-module-path-1.1.0.tgz#a6ac5368450f209b9f5b86e9a3e4a6ab6fe7531c"

are-we-there-yet@~1.1.2:
  version "1.1.4"
  resolved "https://registry.yarnpkg.com/are-we-there-yet/-/are-we-there-yet-1.1.4.tgz#bb5dca382bb94f05e15194373d16fd3ba1ca110d"
  dependencies:
    delegates "^1.0.0"
    readable-stream "^2.0.6"

assertion-error@^1.0.1:
  version "1.1.0"
  resolved "https://registry.yarnpkg.com/assertion-error/-/assertion-error-1.1.0.tgz#e60b6b0e8f301bd97e5375215bda406c85118c0b"

ast-module-types@^2.3.1, ast-module-types@^2.3.2:
  version "2.3.2"
  resolved "https://registry.yarnpkg.com/ast-module-types/-/ast-module-types-2.3.2.tgz#4bb1de2d729678824429e22a628d03e87df4ad11"

async@~1.0.0:
  version "1.0.0"
  resolved "https://registry.yarnpkg.com/async/-/async-1.0.0.tgz#f8fc04ca3a13784ade9e1641af98578cfbd647a9"

babel-runtime@^6.0.0:
  version "6.26.0"
  resolved "https://registry.yarnpkg.com/babel-runtime/-/babel-runtime-6.26.0.tgz#965c7058668e82b55d7bfe04ff2337bc8b5647fe"
  dependencies:
    core-js "^2.4.0"
    regenerator-runtime "^0.11.0"

babylon@^6.17.0:
  version "6.18.0"
  resolved "https://registry.yarnpkg.com/babylon/-/babylon-6.18.0.tgz#af2f3b88fa6f5c1e4c634d1a0f8eac4f55b395e3"

babylon@~6.8.1:
  version "6.8.4"
  resolved "https://registry.yarnpkg.com/babylon/-/babylon-6.8.4.tgz#097306b8dabae95159225cf29b3ea55912053180"
  dependencies:
    babel-runtime "^6.0.0"

balanced-match@^0.4.2:
  version "0.4.2"
  resolved "https://registry.yarnpkg.com/balanced-match/-/balanced-match-0.4.2.tgz#cb3f3e3c732dc0f01ee70b403f302e61d7709838"

balanced-match@^1.0.0:
  version "1.0.0"
  resolved "https://registry.yarnpkg.com/balanced-match/-/balanced-match-1.0.0.tgz#89b4d199ab2bee49de164ea02b89ce462d71b767"

bit-javascript@^0.10.10:
  version "0.10.10"
  resolved "https://registry.yarnpkg.com/bit-javascript/-/bit-javascript-0.10.10.tgz#04de025fbdc5dfa339284f56701393f1983b2b56"
  dependencies:
    camelcase "^4.0.0"
    caporal "^0.5.0"
    chalk "^1.1.3"
    dependency-tree teambit/node-dependency-tree
    fs-extra "^4.0.2"
    glob "^7.1.1"
    lodash.partition "^4.6.0"
    ora "^1.2.0"
    parents "^1.0.1"
    ramda "^0.22.1"
    regenerator-runtime "^0.10.5"

bluebird@^3.4.7:
  version "3.5.1"
  resolved "https://registry.yarnpkg.com/bluebird/-/bluebird-3.5.1.tgz#d9551f9de98f1fcda1e683d17ee91a0602ee2eb9"

brace-expansion@^1.1.7:
  version "1.1.8"
  resolved "https://registry.yarnpkg.com/brace-expansion/-/brace-expansion-1.1.8.tgz#c07b211c7c952ec1f8efd51a77ef0d1d3990a292"
  dependencies:
    balanced-match "^1.0.0"
    concat-map "0.0.1"

browser-stdout@1.3.0:
  version "1.3.0"
  resolved "https://registry.yarnpkg.com/browser-stdout/-/browser-stdout-1.3.0.tgz#f351d32969d32fa5d7a5567154263d928ae3bd1f"

camelcase-css@^1.0.1:
  version "1.0.1"
  resolved "https://registry.yarnpkg.com/camelcase-css/-/camelcase-css-1.0.1.tgz#157c4238265f5cf94a1dffde86446552cbf3f705"

camelcase@^4.0.0:
  version "4.1.0"
  resolved "https://registry.yarnpkg.com/camelcase/-/camelcase-4.1.0.tgz#d545635be1e33c542649c69173e5de6acfae34dd"

caporal@^0.5.0:
  version "0.5.0"
  resolved "https://registry.yarnpkg.com/caporal/-/caporal-0.5.0.tgz#f787ac86cd5523478eb4213b480422a39e0229fe"
  dependencies:
    bluebird "^3.4.7"
    chalk "^1.1.3"
    cli-table2 "^0.2.0"
    fast-levenshtein "^2.0.6"
    lodash.camelcase "^4.3.0"
    micromist "^1.0.1"
    prettyjson "^1.2.1"
    tabtab "^2.2.2"
    winston "^2.3.1"

chai@^4.1.2:
  version "4.1.2"
  resolved "https://registry.yarnpkg.com/chai/-/chai-4.1.2.tgz#0f64584ba642f0f2ace2806279f4f06ca23ad73c"
  dependencies:
    assertion-error "^1.0.1"
    check-error "^1.0.1"
    deep-eql "^3.0.0"
    get-func-name "^2.0.0"
    pathval "^1.0.0"
    type-detect "^4.0.0"

chalk@^1.0.0, chalk@^1.1.1, chalk@^1.1.3:
  version "1.1.3"
  resolved "https://registry.yarnpkg.com/chalk/-/chalk-1.1.3.tgz#a8115c55e4a702fe4d150abd3872822a7e09fc98"
  dependencies:
    ansi-styles "^2.2.1"
    escape-string-regexp "^1.0.2"
    has-ansi "^2.0.0"
    strip-ansi "^3.0.0"
    supports-color "^2.0.0"

chalk@^2.3.0:
  version "2.3.0"
  resolved "https://registry.yarnpkg.com/chalk/-/chalk-2.3.0.tgz#b5ea48efc9c1793dccc9b4767c93914d3f2d52ba"
  dependencies:
    ansi-styles "^3.1.0"
    escape-string-regexp "^1.0.5"
    supports-color "^4.0.0"

check-error@^1.0.1:
  version "1.0.2"
  resolved "https://registry.yarnpkg.com/check-error/-/check-error-1.0.2.tgz#574d312edd88bb5dd8912e9286dd6c0aed4aac82"

cli-cursor@^1.0.1:
  version "1.0.2"
  resolved "https://registry.yarnpkg.com/cli-cursor/-/cli-cursor-1.0.2.tgz#64da3f7d56a54412e59794bd62dc35295e8f2987"
  dependencies:
    restore-cursor "^1.0.1"

cli-cursor@^2.1.0:
  version "2.1.0"
  resolved "https://registry.yarnpkg.com/cli-cursor/-/cli-cursor-2.1.0.tgz#b35dac376479facc3e94747d41d0d0f5238ffcb5"
  dependencies:
    restore-cursor "^2.0.0"

cli-spinners@^1.0.0:
  version "1.1.0"
  resolved "https://registry.yarnpkg.com/cli-spinners/-/cli-spinners-1.1.0.tgz#f1847b168844d917a671eb9d147e3df497c90d06"

cli-table2@^0.2.0:
  version "0.2.0"
  resolved "https://registry.yarnpkg.com/cli-table2/-/cli-table2-0.2.0.tgz#2d1ef7f218a0e786e214540562d4bd177fe32d97"
  dependencies:
    lodash "^3.10.1"
    string-width "^1.0.1"
  optionalDependencies:
    colors "^1.1.2"

cli-width@^2.0.0:
  version "2.2.0"
  resolved "https://registry.yarnpkg.com/cli-width/-/cli-width-2.2.0.tgz#ff19ede8a9a5e579324147b0c11f0fbcbabed639"

code-point-at@^1.0.0:
  version "1.1.0"
  resolved "https://registry.yarnpkg.com/code-point-at/-/code-point-at-1.1.0.tgz#0d070b4d043a5bea33a2f1a40e2edb3d9a4ccf77"

color-convert@^1.9.0:
  version "1.9.1"
  resolved "https://registry.yarnpkg.com/color-convert/-/color-convert-1.9.1.tgz#c1261107aeb2f294ebffec9ed9ecad529a6097ed"
  dependencies:
    color-name "^1.1.1"

color-name@^1.1.1:
  version "1.1.3"
  resolved "https://registry.yarnpkg.com/color-name/-/color-name-1.1.3.tgz#a7d0558bd89c42f795dd42328f740831ca53bc25"

colors@1.0.x:
  version "1.0.3"
  resolved "https://registry.yarnpkg.com/colors/-/colors-1.0.3.tgz#0433f44d809680fdeb60ed260f1b0c262e82a40b"

colors@^1.1.2:
  version "1.1.2"
  resolved "https://registry.yarnpkg.com/colors/-/colors-1.1.2.tgz#168a4701756b6a7f51a12ce0c97bfa28c084ed63"

commander@2.11.0:
  version "2.11.0"
  resolved "https://registry.yarnpkg.com/commander/-/commander-2.11.0.tgz#157152fd1e7a6c8d98a5b715cf376df928004563"

commander@^2.11.0, commander@^2.6.0, commander@^2.8.1:
  version "2.13.0"
  resolved "https://registry.yarnpkg.com/commander/-/commander-2.13.0.tgz#6964bca67685df7c1f1430c584f07d7597885b9c"

commander@~2.8.1:
  version "2.8.1"
  resolved "https://registry.yarnpkg.com/commander/-/commander-2.8.1.tgz#06be367febfda0c330aa1e2a072d3dc9762425d4"
  dependencies:
    graceful-readlink ">= 1.0.0"

concat-map@0.0.1:
  version "0.0.1"
  resolved "https://registry.yarnpkg.com/concat-map/-/concat-map-0.0.1.tgz#d8a96bd77fd68df7793a73036a3ba0d5405d477b"

concat-stream@^1.4.7:
  version "1.6.0"
  resolved "https://registry.yarnpkg.com/concat-stream/-/concat-stream-1.6.0.tgz#0aac662fd52be78964d5532f694784e70110acf7"
  dependencies:
    inherits "^2.0.3"
    readable-stream "^2.2.2"
    typedarray "^0.0.6"

core-js@^2.4.0:
  version "2.5.3"
  resolved "https://registry.yarnpkg.com/core-js/-/core-js-2.5.3.tgz#8acc38345824f16d8365b7c9b4259168e8ed603e"

core-util-is@~1.0.0:
  version "1.0.2"
  resolved "https://registry.yarnpkg.com/core-util-is/-/core-util-is-1.0.2.tgz#b5fd54220aa2bc5ab57aab7140c940754503c1a7"

css-selector-tokenizer@^0.7.0:
  version "0.7.0"
  resolved "https://registry.yarnpkg.com/css-selector-tokenizer/-/css-selector-tokenizer-0.7.0.tgz#e6988474ae8c953477bf5e7efecfceccd9cf4c86"
  dependencies:
    cssesc "^0.1.0"
    fastparse "^1.1.1"
    regexpu-core "^1.0.0"

cssesc@^0.1.0:
  version "0.1.0"
  resolved "https://registry.yarnpkg.com/cssesc/-/cssesc-0.1.0.tgz#c814903e45623371a0477b40109aaafbeeaddbb4"

cycle@1.0.x:
  version "1.0.3"
  resolved "https://registry.yarnpkg.com/cycle/-/cycle-1.0.3.tgz#21e80b2be8580f98b468f379430662b046c34ad2"

debug@3.1.0, debug@^3.0.1, debug@^3.1.0:
  version "3.1.0"
  resolved "https://registry.yarnpkg.com/debug/-/debug-3.1.0.tgz#5bb5a0672628b64149566ba16819e61518c67261"
  dependencies:
    ms "2.0.0"

debug@^2.2.0:
  version "2.6.9"
  resolved "https://registry.yarnpkg.com/debug/-/debug-2.6.9.tgz#5d128515df134ff327e90a4c93f4e077a536341f"
  dependencies:
    ms "2.0.0"

debug@~2.2.0:
  version "2.2.0"
  resolved "https://registry.yarnpkg.com/debug/-/debug-2.2.0.tgz#f87057e995b1a1f6ae6a4960664137bc56f039da"
  dependencies:
    ms "0.7.1"

deep-eql@^3.0.0:
  version "3.0.1"
  resolved "https://registry.yarnpkg.com/deep-eql/-/deep-eql-3.0.1.tgz#dfc9404400ad1c8fe023e7da1df1c147c4b444df"
  dependencies:
    type-detect "^4.0.0"

deep-is@~0.1.3:
  version "0.1.3"
  resolved "https://registry.yarnpkg.com/deep-is/-/deep-is-0.1.3.tgz#b369d6fb5dbc13eecf524f91b070feedc357cf34"

deindent@^0.1.0:
  version "0.1.0"
  resolved "https://registry.yarnpkg.com/deindent/-/deindent-0.1.0.tgz#62e1dcdd1d849709e5c7403c890e47e3cebe399d"

delegates@^1.0.0:
  version "1.0.0"
  resolved "https://registry.yarnpkg.com/delegates/-/delegates-1.0.0.tgz#84c6e159b81904fdca59a0ef44cd870d31250f9a"

dependency-tree@teambit/node-dependency-tree:
  version "5.11.0"
  resolved "https://codeload.github.com/teambit/node-dependency-tree/tar.gz/7aef1bb39c7b06eb1f030ee8d7b3fb0978c2145d"
  dependencies:
    commander "^2.6.0"
    debug "^2.2.0"
    filing-cabinet teambit/node-filing-cabinet
    precinct teambit/node-precinct

detective-amd@^2.4.0:
  version "2.4.0"
  resolved "https://registry.yarnpkg.com/detective-amd/-/detective-amd-2.4.0.tgz#5eb0df4ef5c18a94033b07daf136dbcd5fc75cd5"
  dependencies:
    ast-module-types "^2.3.1"
    escodegen "^1.8.0"
    get-amd-module-type "^2.0.4"
    node-source-walk "^3.0.0"

detective-cjs@^2.0.0:
  version "2.0.0"
  resolved "https://registry.yarnpkg.com/detective-cjs/-/detective-cjs-2.0.0.tgz#dce4c9302cdca52e6b8bfd3877ca93f62c5ccc03"
  dependencies:
    ast-module-types "^2.3.2"
    node-source-walk "^3.0.0"

detective-es6@teambit/node-detective-es6:
  version "1.2.0"
  resolved "https://codeload.github.com/teambit/node-detective-es6/tar.gz/3b60150d7704eff70b4f3a32796043a186651ae0"
  dependencies:
    node-source-walk "^3.3.0"

detective-less@1.0.0:
  version "1.0.0"
  resolved "https://registry.yarnpkg.com/detective-less/-/detective-less-1.0.0.tgz#426c78c9ab6e3275bf66cc91abac0053bb452d7d"
  dependencies:
    debug "~2.2.0"
    gonzales-pe "^3.4.4"
    node-source-walk "^3.2.0"

detective-sass@^2.0.0:
  version "2.0.1"
  resolved "https://registry.yarnpkg.com/detective-sass/-/detective-sass-2.0.1.tgz#05660aa1b95cfd87f574643bface3e8a268112a1"
  dependencies:
    debug "^3.1.0"
    gonzales-pe "^3.4.4"
    node-source-walk "^3.2.0"

detective-scss@^1.0.0:
  version "1.0.1"
  resolved "https://registry.yarnpkg.com/detective-scss/-/detective-scss-1.0.1.tgz#743246a0dd358d9d91ff4125417f6a77fbcf270f"
  dependencies:
    debug "^3.1.0"
    gonzales-pe "^3.4.4"
    node-source-walk "^3.2.0"

detective-stylable@teambit/detective-stylable:
  version "1.0.2"
  resolved "https://codeload.github.com/teambit/detective-stylable/tar.gz/5afbdba6660ff32e3658a4667657d08e9d3ad110"
  dependencies:
    stylable "^4.0.25"

detective-stylus@^1.0.0:
  version "1.0.0"
  resolved "https://registry.yarnpkg.com/detective-stylus/-/detective-stylus-1.0.0.tgz#50aee7db8babb990381f010c63fabba5b58e54cd"

detective-typescript@teambit/detective-typescript:
  version "1.0.1"
  resolved "https://codeload.github.com/teambit/detective-typescript/tar.gz/70ee911e694bb502700d18c649f4a13f618ff04e"
  dependencies:
    node-source-walk "3.2.0"
    typescript "^2.6.1"
    typescript-eslint-parser "^9.0.0"

diff@3.3.1:
  version "3.3.1"
  resolved "https://registry.yarnpkg.com/diff/-/diff-3.3.1.tgz#aa8567a6eed03c531fc89d3f711cd0e5259dec75"

enhanced-resolve@^3.4.1:
  version "3.4.1"
  resolved "https://registry.yarnpkg.com/enhanced-resolve/-/enhanced-resolve-3.4.1.tgz#0421e339fd71419b3da13d129b3979040230476e"
  dependencies:
    graceful-fs "^4.1.2"
    memory-fs "^0.4.0"
    object-assign "^4.0.1"
    tapable "^0.2.7"

enhanced-resolve@~3.0.3:
  version "3.0.3"
  resolved "https://registry.yarnpkg.com/enhanced-resolve/-/enhanced-resolve-3.0.3.tgz#df14c06b5fc5eecade1094c9c5a12b4b3edc0b62"
  dependencies:
    graceful-fs "^4.1.2"
    memory-fs "^0.4.0"
    object-assign "^4.0.1"
    tapable "^0.2.5"

errno@^0.1.3:
  version "0.1.6"
  resolved "https://registry.yarnpkg.com/errno/-/errno-0.1.6.tgz#c386ce8a6283f14fc09563b71560908c9bf53026"
  dependencies:
    prr "~1.0.1"

escape-string-regexp@1.0.5, escape-string-regexp@^1.0.2, escape-string-regexp@^1.0.5:
  version "1.0.5"
  resolved "https://registry.yarnpkg.com/escape-string-regexp/-/escape-string-regexp-1.0.5.tgz#1b61c0562190a8dff6ae3bb2cf0200ca130b86d4"

escodegen@^1.8.0:
  version "1.9.0"
  resolved "https://registry.yarnpkg.com/escodegen/-/escodegen-1.9.0.tgz#9811a2f265dc1cd3894420ee3717064b632b8852"
  dependencies:
    esprima "^3.1.3"
    estraverse "^4.2.0"
    esutils "^2.0.2"
    optionator "^0.8.1"
  optionalDependencies:
    source-map "~0.5.6"

esprima@^3.1.3:
  version "3.1.3"
  resolved "https://registry.yarnpkg.com/esprima/-/esprima-3.1.3.tgz#fdca51cee6133895e3c88d535ce49dbff62a4633"

esprima@~1.0.4:
  version "1.0.4"
  resolved "https://registry.yarnpkg.com/esprima/-/esprima-1.0.4.tgz#9f557e08fc3b4d26ece9dd34f8fbf476b62585ad"

estraverse@^4.2.0:
  version "4.2.0"
  resolved "https://registry.yarnpkg.com/estraverse/-/estraverse-4.2.0.tgz#0dee3fed31fcd469618ce7342099fc1afa0bdb13"

esutils@^2.0.2:
  version "2.0.2"
  resolved "https://registry.yarnpkg.com/esutils/-/esutils-2.0.2.tgz#0abf4f1caa5bcb1f7a9d8acc6dea4faaa04bac9b"

exit-hook@^1.0.0:
  version "1.1.1"
  resolved "https://registry.yarnpkg.com/exit-hook/-/exit-hook-1.1.1.tgz#f05ca233b48c05d54fff07765df8507e95c02ff8"

extend@^3.0.0:
  version "3.0.1"
  resolved "https://registry.yarnpkg.com/extend/-/extend-3.0.1.tgz#a755ea7bc1adfcc5a31ce7e762dbaadc5e636444"

external-editor@^1.1.0:
  version "1.1.1"
  resolved "https://registry.yarnpkg.com/external-editor/-/external-editor-1.1.1.tgz#12d7b0db850f7ff7e7081baf4005700060c4600b"
  dependencies:
    extend "^3.0.0"
    spawn-sync "^1.0.15"
    tmp "^0.0.29"

eyes@0.1.x:
  version "0.1.8"
  resolved "https://registry.yarnpkg.com/eyes/-/eyes-0.1.8.tgz#62cf120234c683785d902348a800ef3e0cc20bc0"

fast-levenshtein@^2.0.6, fast-levenshtein@~2.0.4:
  version "2.0.6"
  resolved "https://registry.yarnpkg.com/fast-levenshtein/-/fast-levenshtein-2.0.6.tgz#3d8a5c66883a16a30ca8643e851f19baa7797917"

fastparse@^1.1.1:
  version "1.1.1"
  resolved "https://registry.yarnpkg.com/fastparse/-/fastparse-1.1.1.tgz#d1e2643b38a94d7583b479060e6c4affc94071f8"

figures@^1.3.5:
  version "1.7.0"
  resolved "https://registry.yarnpkg.com/figures/-/figures-1.7.0.tgz#cbe1e3affcf1cd44b80cadfed28dc793a9701d2e"
  dependencies:
    escape-string-regexp "^1.0.5"
    object-assign "^4.1.0"

file-exists@~1.0.0:
  version "1.0.0"
  resolved "https://registry.yarnpkg.com/file-exists/-/file-exists-1.0.0.tgz#e6d269b56567b8922581398e990dd7078f72d616"

filing-cabinet@teambit/node-filing-cabinet:
  version "1.9.0"
  resolved "https://codeload.github.com/teambit/node-filing-cabinet/tar.gz/94f11f3c6d6f5be2d0d78ce568ca063cdcac7015"
  dependencies:
    app-module-path "^1.1.0"
    commander "^2.8.1"
    debug "^2.2.0"
    enhanced-resolve "~3.0.3"
    is-relative-path "^1.0.1"
    module-definition "^2.2.4"
    module-lookup-amd "^4.0.2"
    object-assign "^4.0.1"
    resolve "^1.1.7"
    resolve-dependency-path "^1.0.2"
    sass-lookup "^1.1.0"
    stylus-lookup "^1.0.1"
    typescript "^2.4.2"

find@0.2.6:
  version "0.2.6"
  resolved "https://registry.yarnpkg.com/find/-/find-0.2.6.tgz#0d218b5d48c3424193f64cea59d389f8daa71d01"
  dependencies:
    traverse-chain "~0.1.0"

flatten@^1.0.2:
  version "1.0.2"
  resolved "https://registry.yarnpkg.com/flatten/-/flatten-1.0.2.tgz#dae46a9d78fbe25292258cc1e780a41d95c03782"

fs-extra@^4.0.2:
  version "4.0.3"
  resolved "https://registry.yarnpkg.com/fs-extra/-/fs-extra-4.0.3.tgz#0d852122e5bc5beb453fb028e9c0c9bf36340c94"
  dependencies:
    graceful-fs "^4.1.2"
    jsonfile "^4.0.0"
    universalify "^0.1.0"

fs-extra@~0.6.4:
  version "0.6.4"
  resolved "https://registry.yarnpkg.com/fs-extra/-/fs-extra-0.6.4.tgz#f46f0c75b7841f8d200b3348cd4d691d5a099d15"
  dependencies:
    jsonfile "~1.0.1"
    mkdirp "0.3.x"
    ncp "~0.4.2"
    rimraf "~2.2.0"

fs.realpath@^1.0.0:
  version "1.0.0"
  resolved "https://registry.yarnpkg.com/fs.realpath/-/fs.realpath-1.0.0.tgz#1504ad2523158caa40db4a2787cb01411994ea4f"

gauge@~1.2.5:
  version "1.2.7"
  resolved "https://registry.yarnpkg.com/gauge/-/gauge-1.2.7.tgz#e9cec5483d3d4ee0ef44b60a7d99e4935e136d93"
  dependencies:
    ansi "^0.3.0"
    has-unicode "^2.0.0"
    lodash.pad "^4.1.0"
    lodash.padend "^4.1.0"
    lodash.padstart "^4.1.0"

get-amd-module-type@^2.0.4:
  version "2.0.5"
  resolved "https://registry.yarnpkg.com/get-amd-module-type/-/get-amd-module-type-2.0.5.tgz#e671ec5a96ad5fbf53a3a22a289e9238c772ddb0"
  dependencies:
    ast-module-types "^2.3.2"
    node-source-walk "^3.2.0"

get-func-name@^2.0.0:
  version "2.0.0"
  resolved "https://registry.yarnpkg.com/get-func-name/-/get-func-name-2.0.0.tgz#ead774abee72e20409433a066366023dd6887a41"

glob@7.1.2, glob@^7.1.1:
  version "7.1.2"
  resolved "https://registry.yarnpkg.com/glob/-/glob-7.1.2.tgz#c19c9df9a028702d678612384a6552404c636d15"
  dependencies:
    fs.realpath "^1.0.0"
    inflight "^1.0.4"
    inherits "2"
    minimatch "^3.0.4"
    once "^1.3.0"
    path-is-absolute "^1.0.0"

gonzales-pe@^3.4.4:
  version "3.4.7"
  resolved "https://registry.yarnpkg.com/gonzales-pe/-/gonzales-pe-3.4.7.tgz#17c7be67ad6caff6277a3e387ac736e983d280ec"
  dependencies:
    minimist "1.1.x"

graceful-fs@^4.1.2, graceful-fs@^4.1.6:
  version "4.1.11"
  resolved "https://registry.yarnpkg.com/graceful-fs/-/graceful-fs-4.1.11.tgz#0e8bdfe4d1ddb8854d64e04ea7c00e2a026e5658"

"graceful-readlink@>= 1.0.0":
  version "1.0.1"
  resolved "https://registry.yarnpkg.com/graceful-readlink/-/graceful-readlink-1.0.1.tgz#4cafad76bc62f02fa039b2f94e9a3dd3a391a725"

growl@1.10.3:
  version "1.10.3"
  resolved "https://registry.yarnpkg.com/growl/-/growl-1.10.3.tgz#1926ba90cf3edfe2adb4927f5880bc22c66c790f"

has-ansi@^2.0.0:
  version "2.0.0"
  resolved "https://registry.yarnpkg.com/has-ansi/-/has-ansi-2.0.0.tgz#34f5049ce1ecdf2b0649af3ef24e45ed35416d91"
  dependencies:
    ansi-regex "^2.0.0"

has-flag@^2.0.0:
  version "2.0.0"
  resolved "https://registry.yarnpkg.com/has-flag/-/has-flag-2.0.0.tgz#e8207af1cc7b30d446cc70b734b5e8be18f88d51"

has-unicode@^2.0.0:
  version "2.0.1"
  resolved "https://registry.yarnpkg.com/has-unicode/-/has-unicode-2.0.1.tgz#e0e6fe6a28cf51138855e086d1691e771de2a8b9"

he@1.1.1:
  version "1.1.1"
  resolved "https://registry.yarnpkg.com/he/-/he-1.1.1.tgz#93410fd21b009735151f8868c2f271f3427e23fd"

indexes-of@^1.0.1:
  version "1.0.1"
  resolved "https://registry.yarnpkg.com/indexes-of/-/indexes-of-1.0.1.tgz#f30f716c8e2bd346c7b67d3df3915566a7c05607"

inflight@^1.0.4:
  version "1.0.6"
  resolved "https://registry.yarnpkg.com/inflight/-/inflight-1.0.6.tgz#49bd6331d7d02d0c09bc910a1075ba8165b56df9"
  dependencies:
    once "^1.3.0"
    wrappy "1"

inherits@2, inherits@^2.0.3, inherits@~2.0.3:
  version "2.0.3"
  resolved "https://registry.yarnpkg.com/inherits/-/inherits-2.0.3.tgz#633c2c83e3da42a502f52466022480f4208261de"

inquirer@^1.0.2:
  version "1.2.3"
  resolved "https://registry.yarnpkg.com/inquirer/-/inquirer-1.2.3.tgz#4dec6f32f37ef7bb0b2ed3f1d1a5c3f545074918"
  dependencies:
    ansi-escapes "^1.1.0"
    chalk "^1.0.0"
    cli-cursor "^1.0.1"
    cli-width "^2.0.0"
    external-editor "^1.1.0"
    figures "^1.3.5"
    lodash "^4.3.0"
    mute-stream "0.0.6"
    pinkie-promise "^2.0.0"
    run-async "^2.2.0"
    rx "^4.1.0"
    string-width "^1.0.1"
    strip-ansi "^3.0.0"
    through "^2.3.6"

is-fullwidth-code-point@^1.0.0:
  version "1.0.0"
  resolved "https://registry.yarnpkg.com/is-fullwidth-code-point/-/is-fullwidth-code-point-1.0.0.tgz#ef9e31386f031a7f0d643af82fde50c457ef00cb"
  dependencies:
    number-is-nan "^1.0.0"

is-promise@^2.1.0:
  version "2.1.0"
  resolved "https://registry.yarnpkg.com/is-promise/-/is-promise-2.1.0.tgz#79a2a9ece7f096e80f36d2b2f3bc16c1ff4bf3fa"

is-relative-path@^1.0.1, is-relative-path@~1.0.0:
  version "1.0.2"
  resolved "https://registry.yarnpkg.com/is-relative-path/-/is-relative-path-1.0.2.tgz#091b46a0d67c1ed0fe85f1f8cfdde006bb251d46"

isarray@~1.0.0:
  version "1.0.0"
  resolved "https://registry.yarnpkg.com/isarray/-/isarray-1.0.0.tgz#bb935d48582cba168c06834957a54a3e07124f11"

isstream@0.1.x:
  version "0.1.2"
  resolved "https://registry.yarnpkg.com/isstream/-/isstream-0.1.2.tgz#47e63f7af55afa6f92e1500e690eb8b8529c099a"

jsesc@~0.5.0:
  version "0.5.0"
  resolved "https://registry.yarnpkg.com/jsesc/-/jsesc-0.5.0.tgz#e7dee66e35d6fc16f710fe91d5cf69f70f08911d"

jsonfile@^4.0.0:
  version "4.0.0"
  resolved "https://registry.yarnpkg.com/jsonfile/-/jsonfile-4.0.0.tgz#8771aae0799b64076b76640fca058f9c10e33ecb"
  optionalDependencies:
    graceful-fs "^4.1.6"

jsonfile@~1.0.1:
  version "1.0.1"
  resolved "https://registry.yarnpkg.com/jsonfile/-/jsonfile-1.0.1.tgz#ea5efe40b83690b98667614a7392fc60e842c0dd"

levn@~0.3.0:
  version "0.3.0"
  resolved "https://registry.yarnpkg.com/levn/-/levn-0.3.0.tgz#3b09924edf9f083c0490fdd4c0bc4421e04764ee"
  dependencies:
    prelude-ls "~1.1.2"
    type-check "~0.3.2"

lodash.camelcase@^4.3.0:
  version "4.3.0"
  resolved "https://registry.yarnpkg.com/lodash.camelcase/-/lodash.camelcase-4.3.0.tgz#b28aa6288a2b9fc651035c7711f65ab6190331a6"

lodash.clonedeep@^4.5.0:
  version "4.5.0"
  resolved "https://registry.yarnpkg.com/lodash.clonedeep/-/lodash.clonedeep-4.5.0.tgz#e23f3f9c4f8fbdde872529c1071857a086e5ccef"

lodash.difference@^4.5.0:
  version "4.5.0"
  resolved "https://registry.yarnpkg.com/lodash.difference/-/lodash.difference-4.5.0.tgz#9ccb4e505d486b91651345772885a2df27fd017c"

lodash.pad@^4.1.0:
  version "4.5.1"
  resolved "https://registry.yarnpkg.com/lodash.pad/-/lodash.pad-4.5.1.tgz#4330949a833a7c8da22cc20f6a26c4d59debba70"

lodash.padend@^4.1.0:
  version "4.6.1"
  resolved "https://registry.yarnpkg.com/lodash.padend/-/lodash.padend-4.6.1.tgz#53ccba047d06e158d311f45da625f4e49e6f166e"

lodash.padstart@^4.1.0:
  version "4.6.1"
  resolved "https://registry.yarnpkg.com/lodash.padstart/-/lodash.padstart-4.6.1.tgz#d2e3eebff0d9d39ad50f5cbd1b52a7bce6bb611b"

lodash.partition@^4.6.0:
  version "4.6.0"
  resolved "https://registry.yarnpkg.com/lodash.partition/-/lodash.partition-4.6.0.tgz#a38e46b73469e0420b0da1212e66d414be364ba4"

lodash.unescape@4.0.1:
  version "4.0.1"
  resolved "https://registry.yarnpkg.com/lodash.unescape/-/lodash.unescape-4.0.1.tgz#bf2249886ce514cda112fae9218cdc065211fc9c"

lodash.uniq@^4.5.0:
  version "4.5.0"
  resolved "https://registry.yarnpkg.com/lodash.uniq/-/lodash.uniq-4.5.0.tgz#d0225373aeb652adc1bc82e4945339a842754773"

lodash@^3.10.1:
  version "3.10.1"
  resolved "https://registry.yarnpkg.com/lodash/-/lodash-3.10.1.tgz#5bf45e8e49ba4189e17d482789dfd15bd140b7b6"

lodash@^4.3.0:
  version "4.17.4"
  resolved "https://registry.yarnpkg.com/lodash/-/lodash-4.17.4.tgz#78203a4d1c328ae1d86dca6460e369b57f4055ae"

log-symbols@^1.0.2:
  version "1.0.2"
  resolved "https://registry.yarnpkg.com/log-symbols/-/log-symbols-1.0.2.tgz#376ff7b58ea3086a0f09facc74617eca501e1a18"
  dependencies:
    chalk "^1.0.0"

memory-fs@^0.4.0:
  version "0.4.1"
  resolved "https://registry.yarnpkg.com/memory-fs/-/memory-fs-0.4.1.tgz#3a9a20b8462523e447cfbc7e8bb80ed667bfc552"
  dependencies:
    errno "^0.1.3"
    readable-stream "^2.0.1"

micromist@^1.0.1:
  version "1.0.2"
  resolved "https://registry.yarnpkg.com/micromist/-/micromist-1.0.2.tgz#41f84949a04c30cdc60a394d0cb06aaa08b86364"
  dependencies:
    lodash.camelcase "^4.3.0"

mimic-fn@^1.0.0:
  version "1.1.0"
  resolved "https://registry.yarnpkg.com/mimic-fn/-/mimic-fn-1.1.0.tgz#e667783d92e89dbd342818b5230b9d62a672ad18"

minimatch@^3.0.4:
  version "3.0.4"
  resolved "https://registry.yarnpkg.com/minimatch/-/minimatch-3.0.4.tgz#5166e286457f03306064be5497e8dbb0c3d32083"
  dependencies:
    brace-expansion "^1.1.7"

minimist@0.0.8:
  version "0.0.8"
  resolved "https://registry.yarnpkg.com/minimist/-/minimist-0.0.8.tgz#857fcabfc3397d2625b8228262e86aa7a011b05d"

minimist@1.1.x:
  version "1.1.3"
  resolved "https://registry.yarnpkg.com/minimist/-/minimist-1.1.3.tgz#3bedfd91a92d39016fcfaa1c681e8faa1a1efda8"

minimist@^1.2.0:
  version "1.2.0"
  resolved "https://registry.yarnpkg.com/minimist/-/minimist-1.2.0.tgz#a35008b20f41383eec1fb914f4cd5df79a264284"

mkdirp@0.3.x:
  version "0.3.5"
  resolved "https://registry.yarnpkg.com/mkdirp/-/mkdirp-0.3.5.tgz#de3e5f8961c88c787ee1368df849ac4413eca8d7"

mkdirp@0.5.1, mkdirp@^0.5.1:
  version "0.5.1"
  resolved "https://registry.yarnpkg.com/mkdirp/-/mkdirp-0.5.1.tgz#30057438eac6cf7f8c4767f38648d6697d75c903"
  dependencies:
    minimist "0.0.8"

mocha@^5.0.0:
  version "5.0.0"
  resolved "https://registry.yarnpkg.com/mocha/-/mocha-5.0.0.tgz#cccac988b0bc5477119cba0e43de7af6d6ad8f4e"
  dependencies:
    browser-stdout "1.3.0"
    commander "2.11.0"
    debug "3.1.0"
    diff "3.3.1"
    escape-string-regexp "1.0.5"
    glob "7.1.2"
    growl "1.10.3"
    he "1.1.1"
    mkdirp "0.5.1"
    supports-color "4.4.0"

module-definition@^2.2.4:
  version "2.2.4"
  resolved "https://registry.yarnpkg.com/module-definition/-/module-definition-2.2.4.tgz#c0a3771de58cf6bcf12aed2476706c596ad4b2cb"
  dependencies:
    ast-module-types "^2.3.2"
    node-source-walk "^3.0.0"

module-lookup-amd@^4.0.2:
  version "4.0.5"
  resolved "https://registry.yarnpkg.com/module-lookup-amd/-/module-lookup-amd-4.0.5.tgz#58e353f9dc01ecec057b1ccdd00ed059484acca5"
  dependencies:
    commander "^2.8.1"
    debug "^3.1.0"
    file-exists "~1.0.0"
    find "0.2.6"
    requirejs "~2.2.0"
    requirejs-config-file "~2.0.0"

ms@0.7.1:
  version "0.7.1"
  resolved "https://registry.yarnpkg.com/ms/-/ms-0.7.1.tgz#9cd13c03adbff25b65effde7ce864ee952017098"

ms@2.0.0:
  version "2.0.0"
  resolved "https://registry.yarnpkg.com/ms/-/ms-2.0.0.tgz#5608aeadfc00be6c2901df5f9861788de0d597c8"

murmurhash@^0.0.2:
  version "0.0.2"
  resolved "https://registry.yarnpkg.com/murmurhash/-/murmurhash-0.0.2.tgz#6f07bd8a1105e709c26fc89420cb5930c24585fe"

mute-stream@0.0.6:
  version "0.0.6"
  resolved "https://registry.yarnpkg.com/mute-stream/-/mute-stream-0.0.6.tgz#48962b19e169fd1dfc240b3f1e7317627bbc47db"

ncp@~0.4.2:
  version "0.4.2"
  resolved "https://registry.yarnpkg.com/ncp/-/ncp-0.4.2.tgz#abcc6cbd3ec2ed2a729ff6e7c1fa8f01784a8574"

node-source-walk@3.2.0:
  version "3.2.0"
  resolved "https://registry.yarnpkg.com/node-source-walk/-/node-source-walk-3.2.0.tgz#3c605cc53abdee4b45ab65e947dfb1db7c90f0e3"
  dependencies:
    babylon "~6.8.1"

node-source-walk@^3.0.0, node-source-walk@^3.2.0, node-source-walk@^3.3.0:
  version "3.3.0"
  resolved "https://registry.yarnpkg.com/node-source-walk/-/node-source-walk-3.3.0.tgz#ad18e35bfdb3d0b6f7e0e4aff1e78f846a3b8873"
  dependencies:
    babylon "^6.17.0"

npmlog@^2.0.3:
  version "2.0.4"
  resolved "https://registry.yarnpkg.com/npmlog/-/npmlog-2.0.4.tgz#98b52530f2514ca90d09ec5b22c8846722375692"
  dependencies:
    ansi "~0.3.1"
    are-we-there-yet "~1.1.2"
    gauge "~1.2.5"

number-is-nan@^1.0.0:
  version "1.0.1"
  resolved "https://registry.yarnpkg.com/number-is-nan/-/number-is-nan-1.0.1.tgz#097b602b53422a522c1afb8790318336941a011d"

object-assign@^4.0.1, object-assign@^4.1.0:
  version "4.1.1"
  resolved "https://registry.yarnpkg.com/object-assign/-/object-assign-4.1.1.tgz#2109adc7965887cfc05cbbd442cac8bfbb360863"

once@^1.3.0:
  version "1.4.0"
  resolved "https://registry.yarnpkg.com/once/-/once-1.4.0.tgz#583b1aa775961d4b113ac17d9c50baef9dd76bd1"
  dependencies:
    wrappy "1"

onetime@^1.0.0:
  version "1.1.0"
  resolved "https://registry.yarnpkg.com/onetime/-/onetime-1.1.0.tgz#a1f7838f8314c516f05ecefcbc4ccfe04b4ed789"

onetime@^2.0.0:
  version "2.0.1"
  resolved "https://registry.yarnpkg.com/onetime/-/onetime-2.0.1.tgz#067428230fd67443b2794b22bba528b6867962d4"
  dependencies:
    mimic-fn "^1.0.0"

optionator@^0.8.1:
  version "0.8.2"
  resolved "https://registry.yarnpkg.com/optionator/-/optionator-0.8.2.tgz#364c5e409d3f4d6301d6c0b4c05bba50180aeb64"
  dependencies:
    deep-is "~0.1.3"
    fast-levenshtein "~2.0.4"
    levn "~0.3.0"
    prelude-ls "~1.1.2"
    type-check "~0.3.2"
    wordwrap "~1.0.0"

ora@^1.2.0:
  version "1.3.0"
  resolved "https://registry.yarnpkg.com/ora/-/ora-1.3.0.tgz#80078dd2b92a934af66a3ad72a5b910694ede51a"
  dependencies:
    chalk "^1.1.1"
    cli-cursor "^2.1.0"
    cli-spinners "^1.0.0"
    log-symbols "^1.0.2"

os-shim@^0.1.2:
  version "0.1.3"
  resolved "https://registry.yarnpkg.com/os-shim/-/os-shim-0.1.3.tgz#6b62c3791cf7909ea35ed46e17658bb417cb3917"

os-tmpdir@~1.0.1:
  version "1.0.2"
  resolved "https://registry.yarnpkg.com/os-tmpdir/-/os-tmpdir-1.0.2.tgz#bbe67406c79aa85c5cfec766fe5734555dfa1274"

parents@^1.0.1:
  version "1.0.1"
  resolved "https://registry.yarnpkg.com/parents/-/parents-1.0.1.tgz#fedd4d2bf193a77745fe71e371d73c3307d9c751"
  dependencies:
    path-platform "~0.11.15"

path-is-absolute@^1.0.0:
  version "1.0.1"
  resolved "https://registry.yarnpkg.com/path-is-absolute/-/path-is-absolute-1.0.1.tgz#174b9268735534ffbc7ace6bf53a5a9e1b5c5f5f"

path-parse@^1.0.5:
  version "1.0.5"
  resolved "https://registry.yarnpkg.com/path-parse/-/path-parse-1.0.5.tgz#3c1adf871ea9cd6c9431b6ea2bd74a0ff055c4c1"

path-platform@~0.11.15:
  version "0.11.15"
  resolved "https://registry.yarnpkg.com/path-platform/-/path-platform-0.11.15.tgz#e864217f74c36850f0852b78dc7bf7d4a5721bf2"

pathval@^1.0.0:
  version "1.1.0"
  resolved "https://registry.yarnpkg.com/pathval/-/pathval-1.1.0.tgz#b942e6d4bde653005ef6b71361def8727d0645e0"

pinkie-promise@^2.0.0:
  version "2.0.1"
  resolved "https://registry.yarnpkg.com/pinkie-promise/-/pinkie-promise-2.0.1.tgz#2135d6dfa7a358c069ac9b178776288228450ffa"
  dependencies:
    pinkie "^2.0.0"

pinkie@^2.0.0:
  version "2.0.4"
  resolved "https://registry.yarnpkg.com/pinkie/-/pinkie-2.0.4.tgz#72556b80cfa0d48a974e80e77248e80ed4f7f870"

postcss-js@^1.0.1:
  version "1.0.1"
  resolved "https://registry.yarnpkg.com/postcss-js/-/postcss-js-1.0.1.tgz#ffaf29226e399ea74b5dce02cab1729d7addbc7b"
  dependencies:
    camelcase-css "^1.0.1"
    postcss "^6.0.11"

postcss-nested@^2.1.2:
  version "2.1.2"
  resolved "https://registry.yarnpkg.com/postcss-nested/-/postcss-nested-2.1.2.tgz#04057281f9631fef684857fb0119bae04ede03c6"
  dependencies:
    postcss "^6.0.9"
    postcss-selector-parser "^2.2.3"

postcss-safe-parser@^3.0.1:
  version "3.0.1"
  resolved "https://registry.yarnpkg.com/postcss-safe-parser/-/postcss-safe-parser-3.0.1.tgz#b753eff6c7c0aea5e8375fbe4cde8bf9063ff142"
  dependencies:
    postcss "^6.0.6"

postcss-selector-matches@^3.0.1:
  version "3.0.1"
  resolved "https://registry.yarnpkg.com/postcss-selector-matches/-/postcss-selector-matches-3.0.1.tgz#e5634011e13950881861bbdd58c2d0111ffc96ab"
  dependencies:
    balanced-match "^0.4.2"
    postcss "^6.0.1"

postcss-selector-parser@^2.2.3:
  version "2.2.3"
  resolved "https://registry.yarnpkg.com/postcss-selector-parser/-/postcss-selector-parser-2.2.3.tgz#f9437788606c3c9acee16ffe8d8b16297f27bb90"
  dependencies:
    flatten "^1.0.2"
    indexes-of "^1.0.1"
    uniq "^1.0.1"

postcss-value-parser@^3.3.0:
  version "3.3.0"
  resolved "https://registry.yarnpkg.com/postcss-value-parser/-/postcss-value-parser-3.3.0.tgz#87f38f9f18f774a4ab4c8a232f5c5ce8872a9d15"

postcss@^6.0.1, postcss@^6.0.11, postcss@^6.0.13, postcss@^6.0.6, postcss@^6.0.9:
  version "6.0.16"
  resolved "https://registry.yarnpkg.com/postcss/-/postcss-6.0.16.tgz#112e2fe2a6d2109be0957687243170ea5589e146"
  dependencies:
    chalk "^2.3.0"
    source-map "^0.6.1"
    supports-color "^5.1.0"

precinct@teambit/node-precinct:
  version "3.8.0"
  resolved "https://codeload.github.com/teambit/node-precinct/tar.gz/f62c87b8b09b5152a9859c56fae0c20af11b8107"
  dependencies:
    commander "^2.11.0"
    debug "^3.0.1"
    detective-amd "^2.4.0"
    detective-cjs "^2.0.0"
    detective-es6 teambit/node-detective-es6
    detective-less "1.0.0"
    detective-sass "^2.0.0"
    detective-scss "^1.0.0"
    detective-stylable teambit/detective-stylable
    detective-stylus "^1.0.0"
    detective-typescript teambit/detective-typescript
    module-definition "^2.2.4"
    node-source-walk "^3.3.0"

prelude-ls@~1.1.2:
  version "1.1.2"
  resolved "https://registry.yarnpkg.com/prelude-ls/-/prelude-ls-1.1.2.tgz#21932a549f5e52ffd9a827f570e04be62a97da54"

prettyjson@^1.2.1:
  version "1.2.1"
  resolved "https://registry.yarnpkg.com/prettyjson/-/prettyjson-1.2.1.tgz#fcffab41d19cab4dfae5e575e64246619b12d289"
  dependencies:
    colors "^1.1.2"
    minimist "^1.2.0"

process-nextick-args@~1.0.6:
  version "1.0.7"
  resolved "https://registry.yarnpkg.com/process-nextick-args/-/process-nextick-args-1.0.7.tgz#150e20b756590ad3f91093f25a4f2ad8bff30ba3"

prr@~1.0.1:
  version "1.0.1"
  resolved "https://registry.yarnpkg.com/prr/-/prr-1.0.1.tgz#d3fc114ba06995a45ec6893f484ceb1d78f5f476"

ramda@^0.22.1:
  version "0.22.1"
  resolved "https://registry.yarnpkg.com/ramda/-/ramda-0.22.1.tgz#031da0c3df417c5b33c96234757eb37033f36a0e"

readable-stream@^2.0.1, readable-stream@^2.0.6, readable-stream@^2.2.2:
  version "2.3.3"
  resolved "https://registry.yarnpkg.com/readable-stream/-/readable-stream-2.3.3.tgz#368f2512d79f9d46fdfc71349ae7878bbc1eb95c"
  dependencies:
    core-util-is "~1.0.0"
    inherits "~2.0.3"
    isarray "~1.0.0"
    process-nextick-args "~1.0.6"
    safe-buffer "~5.1.1"
    string_decoder "~1.0.3"
    util-deprecate "~1.0.1"

regenerate@^1.2.1:
  version "1.3.3"
  resolved "https://registry.yarnpkg.com/regenerate/-/regenerate-1.3.3.tgz#0c336d3980553d755c39b586ae3b20aa49c82b7f"

regenerator-runtime@^0.10.5:
  version "0.10.5"
  resolved "https://registry.yarnpkg.com/regenerator-runtime/-/regenerator-runtime-0.10.5.tgz#336c3efc1220adcedda2c9fab67b5a7955a33658"

regenerator-runtime@^0.11.0:
  version "0.11.1"
  resolved "https://registry.yarnpkg.com/regenerator-runtime/-/regenerator-runtime-0.11.1.tgz#be05ad7f9bf7d22e056f9726cee5017fbf19e2e9"

regexpu-core@^1.0.0:
  version "1.0.0"
  resolved "https://registry.yarnpkg.com/regexpu-core/-/regexpu-core-1.0.0.tgz#86a763f58ee4d7c2f6b102e4764050de7ed90c6b"
  dependencies:
    regenerate "^1.2.1"
    regjsgen "^0.2.0"
    regjsparser "^0.1.4"

regjsgen@^0.2.0:
  version "0.2.0"
  resolved "https://registry.yarnpkg.com/regjsgen/-/regjsgen-0.2.0.tgz#6c016adeac554f75823fe37ac05b92d5a4edb1f7"

regjsparser@^0.1.4:
  version "0.1.5"
  resolved "https://registry.yarnpkg.com/regjsparser/-/regjsparser-0.1.5.tgz#7ee8f84dc6fa792d3fd0ae228d24bd949ead205c"
  dependencies:
    jsesc "~0.5.0"

requirejs-config-file@~2.0.0:
  version "2.0.1"
  resolved "https://registry.yarnpkg.com/requirejs-config-file/-/requirejs-config-file-2.0.1.tgz#1f2912703e3c4df8982b2c7bddd7a2a64fd16fb9"
  dependencies:
    esprima "~1.0.4"
    fs-extra "~0.6.4"
    stringify-object "~0.1.7"

requirejs@~2.2.0:
  version "2.2.0"
  resolved "https://registry.yarnpkg.com/requirejs/-/requirejs-2.2.0.tgz#0f2b1538af2b8d0a4fffffde5d367aa9cd4cfe84"

resolve-dependency-path@^1.0.2:
  version "1.0.2"
  resolved "https://registry.yarnpkg.com/resolve-dependency-path/-/resolve-dependency-path-1.0.2.tgz#6abe93a6de3e4f9dce7b5e8261e1f47aa1af4dc2"

resolve@^1.1.7:
  version "1.5.0"
  resolved "https://registry.yarnpkg.com/resolve/-/resolve-1.5.0.tgz#1f09acce796c9a762579f31b2c1cc4c3cddf9f36"
  dependencies:
    path-parse "^1.0.5"

restore-cursor@^1.0.1:
  version "1.0.1"
  resolved "https://registry.yarnpkg.com/restore-cursor/-/restore-cursor-1.0.1.tgz#34661f46886327fed2991479152252df92daa541"
  dependencies:
    exit-hook "^1.0.0"
    onetime "^1.0.0"

restore-cursor@^2.0.0:
  version "2.0.0"
  resolved "https://registry.yarnpkg.com/restore-cursor/-/restore-cursor-2.0.0.tgz#9f7ee287f82fd326d4fd162923d62129eee0dfaf"
  dependencies:
    onetime "^2.0.0"
    signal-exit "^3.0.2"

rimraf@~2.2.0:
  version "2.2.8"
  resolved "https://registry.yarnpkg.com/rimraf/-/rimraf-2.2.8.tgz#e439be2aaee327321952730f99a8929e4fc50582"

run-async@^2.2.0:
  version "2.3.0"
  resolved "https://registry.yarnpkg.com/run-async/-/run-async-2.3.0.tgz#0371ab4ae0bdd720d4166d7dfda64ff7a445a6c0"
  dependencies:
    is-promise "^2.1.0"

rx@^4.1.0:
  version "4.1.0"
  resolved "https://registry.yarnpkg.com/rx/-/rx-4.1.0.tgz#a5f13ff79ef3b740fe30aa803fb09f98805d4782"

safe-buffer@~5.1.0, safe-buffer@~5.1.1:
  version "5.1.1"
  resolved "https://registry.yarnpkg.com/safe-buffer/-/safe-buffer-5.1.1.tgz#893312af69b2123def71f57889001671eeb2c853"

sass-lookup@^1.1.0:
  version "1.1.0"
  resolved "https://registry.yarnpkg.com/sass-lookup/-/sass-lookup-1.1.0.tgz#da44a21beea5955f14effdb81bdee2751b6d15e2"
  dependencies:
    commander "~2.8.1"
    is-relative-path "~1.0.0"

semver@5.4.1:
  version "5.4.1"
  resolved "https://registry.yarnpkg.com/semver/-/semver-5.4.1.tgz#e059c09d8571f0540823733433505d3a2f00b18e"

signal-exit@^3.0.2:
  version "3.0.2"
  resolved "https://registry.yarnpkg.com/signal-exit/-/signal-exit-3.0.2.tgz#b5fdc08f1287ea1178628e415e25132b73646c6d"

source-map@^0.6.1:
  version "0.6.1"
  resolved "https://registry.yarnpkg.com/source-map/-/source-map-0.6.1.tgz#74722af32e9614e9c287a8d0bbde48b5e2f1a263"

source-map@~0.5.6:
  version "0.5.7"
  resolved "https://registry.yarnpkg.com/source-map/-/source-map-0.5.7.tgz#8a039d2d1021d22d1ea14c80d8ea468ba2ef3fcc"

spawn-sync@^1.0.15:
  version "1.0.15"
  resolved "https://registry.yarnpkg.com/spawn-sync/-/spawn-sync-1.0.15.tgz#b00799557eb7fb0c8376c29d44e8a1ea67e57476"
  dependencies:
    concat-stream "^1.4.7"
    os-shim "^0.1.2"

stack-trace@0.0.x:
  version "0.0.10"
  resolved "https://registry.yarnpkg.com/stack-trace/-/stack-trace-0.0.10.tgz#547c70b347e8d32b4e108ea1a2a159e5fdde19c0"

string-width@^1.0.1:
  version "1.0.2"
  resolved "https://registry.yarnpkg.com/string-width/-/string-width-1.0.2.tgz#118bdf5b8cdc51a2a7e70d211e07e2b0b9b107d3"
  dependencies:
    code-point-at "^1.0.0"
    is-fullwidth-code-point "^1.0.0"
    strip-ansi "^3.0.0"

string_decoder@~1.0.3:
  version "1.0.3"
  resolved "https://registry.yarnpkg.com/string_decoder/-/string_decoder-1.0.3.tgz#0fc67d7c141825de94282dd536bec6b9bce860ab"
  dependencies:
    safe-buffer "~5.1.0"

stringify-object@~0.1.7:
  version "0.1.8"
  resolved "https://registry.yarnpkg.com/stringify-object/-/stringify-object-0.1.8.tgz#463348f38fdcd4fec1c011084c24a59ac653c1ee"

strip-ansi@^3.0.0:
  version "3.0.1"
  resolved "https://registry.yarnpkg.com/strip-ansi/-/strip-ansi-3.0.1.tgz#6a385fb8853d952d5ff05d0e8aaf94278dc63dcf"
  dependencies:
    ansi-regex "^2.0.0"

stylable@^4.0.25:
  version "4.0.26"
  resolved "https://registry.yarnpkg.com/stylable/-/stylable-4.0.26.tgz#593736256e45babb0d9c9d07e73d3186b19d2b8d"
  dependencies:
    css-selector-tokenizer "^0.7.0"
    deindent "^0.1.0"
    enhanced-resolve "^3.4.1"
    lodash.clonedeep "^4.5.0"
    murmurhash "^0.0.2"
    postcss "^6.0.13"
    postcss-js "^1.0.1"
    postcss-nested "^2.1.2"
    postcss-safe-parser "^3.0.1"
    postcss-selector-matches "^3.0.1"
    postcss-value-parser "^3.3.0"

stylus-lookup@^1.0.1:
  version "1.0.2"
  resolved "https://registry.yarnpkg.com/stylus-lookup/-/stylus-lookup-1.0.2.tgz#7959beac0bb557ebd13af3bc3acbeeffb27660d4"
  dependencies:
    commander "~2.8.1"
    debug "^3.1.0"
    is-relative-path "~1.0.0"

supports-color@4.4.0:
  version "4.4.0"
  resolved "https://registry.yarnpkg.com/supports-color/-/supports-color-4.4.0.tgz#883f7ddabc165142b2a61427f3352ded195d1a3e"
  dependencies:
    has-flag "^2.0.0"

supports-color@^2.0.0:
  version "2.0.0"
  resolved "https://registry.yarnpkg.com/supports-color/-/supports-color-2.0.0.tgz#535d045ce6b6363fa40117084629995e9df324c7"

supports-color@^4.0.0:
  version "4.5.0"
  resolved "https://registry.yarnpkg.com/supports-color/-/supports-color-4.5.0.tgz#be7a0de484dec5c5cddf8b3d59125044912f635b"
  dependencies:
    has-flag "^2.0.0"

supports-color@^5.1.0:
  version "5.1.0"
  resolved "https://registry.yarnpkg.com/supports-color/-/supports-color-5.1.0.tgz#058a021d1b619f7ddf3980d712ea3590ce7de3d5"
  dependencies:
    has-flag "^2.0.0"

tabtab@^2.2.2:
  version "2.2.2"
  resolved "https://registry.yarnpkg.com/tabtab/-/tabtab-2.2.2.tgz#7a047f143b010b4cbd31f857e82961512cbf4e14"
  dependencies:
    debug "^2.2.0"
    inquirer "^1.0.2"
    lodash.difference "^4.5.0"
    lodash.uniq "^4.5.0"
    minimist "^1.2.0"
    mkdirp "^0.5.1"
    npmlog "^2.0.3"
    object-assign "^4.1.0"

tapable@^0.2.5, tapable@^0.2.7:
  version "0.2.8"
  resolved "https://registry.yarnpkg.com/tapable/-/tapable-0.2.8.tgz#99372a5c999bf2df160afc0d74bed4f47948cd22"

through@^2.3.6:
  version "2.3.8"
  resolved "https://registry.yarnpkg.com/through/-/through-2.3.8.tgz#0dd4c9ffaabc357960b1b724115d7e0e86a2e1f5"

tmp@^0.0.29:
  version "0.0.29"
  resolved "https://registry.yarnpkg.com/tmp/-/tmp-0.0.29.tgz#f25125ff0dd9da3ccb0c2dd371ee1288bb9128c0"
  dependencies:
    os-tmpdir "~1.0.1"

traverse-chain@~0.1.0:
  version "0.1.0"
  resolved "https://registry.yarnpkg.com/traverse-chain/-/traverse-chain-0.1.0.tgz#61dbc2d53b69ff6091a12a168fd7d433107e40f1"

type-check@~0.3.2:
  version "0.3.2"
  resolved "https://registry.yarnpkg.com/type-check/-/type-check-0.3.2.tgz#5884cab512cf1d355e3fb784f30804b2b520db72"
  dependencies:
    prelude-ls "~1.1.2"

type-detect@^4.0.0:
  version "4.0.7"
  resolved "https://registry.yarnpkg.com/type-detect/-/type-detect-4.0.7.tgz#862bd2cf6058ad92799ff5a5b8cf7b6cec726198"

typedarray@^0.0.6:
  version "0.0.6"
  resolved "https://registry.yarnpkg.com/typedarray/-/typedarray-0.0.6.tgz#867ac74e3864187b1d3d47d996a78ec5c8830777"

typescript-eslint-parser@^9.0.0:
  version "9.0.1"
  resolved "https://registry.yarnpkg.com/typescript-eslint-parser/-/typescript-eslint-parser-9.0.1.tgz#1497a565d192ca2a321bc5bbf89dcab0a2da75e8"
  dependencies:
    lodash.unescape "4.0.1"
    semver "5.4.1"

typescript@^2.4.2, typescript@^2.6.1:
  version "2.7.1"
  resolved "https://registry.yarnpkg.com/typescript/-/typescript-2.7.1.tgz#bb3682c2c791ac90e7c6210b26478a8da085c359"

uniq@^1.0.1:
  version "1.0.1"
  resolved "https://registry.yarnpkg.com/uniq/-/uniq-1.0.1.tgz#b31c5ae8254844a3a8281541ce2b04b865a734ff"

universalify@^0.1.0:
  version "0.1.1"
  resolved "https://registry.yarnpkg.com/universalify/-/universalify-0.1.1.tgz#fa71badd4437af4c148841e3b3b165f9e9e590b7"

util-deprecate@~1.0.1:
  version "1.0.2"
  resolved "https://registry.yarnpkg.com/util-deprecate/-/util-deprecate-1.0.2.tgz#450d4dc9fa70de732762fbd2d4a28981419a0ccf"

winston@^2.3.1:
  version "2.4.0"
  resolved "https://registry.yarnpkg.com/winston/-/winston-2.4.0.tgz#808050b93d52661ed9fb6c26b3f0c826708b0aee"
  dependencies:
    async "~1.0.0"
    colors "1.0.x"
    cycle "1.0.x"
    eyes "0.1.x"
    isstream "0.1.x"
    stack-trace "0.0.x"

wordwrap@~1.0.0:
  version "1.0.0"
  resolved "https://registry.yarnpkg.com/wordwrap/-/wordwrap-1.0.0.tgz#27584810891456a4171c8d0226441ade90cbcaeb"

wrappy@1:
  version "1.0.2"
  resolved "https://registry.yarnpkg.com/wrappy/-/wrappy-1.0.2.tgz#b5243d8f3ec1aa35f1364605bc0d1036e30ab69f"
